
Microsoft Visual Studio Solution File, Format Version 12.00
# Visual Studio Version 16
VisualStudioVersion = 16.0.31105.61
MinimumVisualStudioVersion = 10.0.40219.1
Project("{FAE04EC0-301F-11D3-BF4B-00C04F79EFBC}") = "CadastroCandidato", "CadastroCandidato\CadastroCandidato.csproj", "{BFE86275-149C-48BB-87EE-3A30ADEEB729}"
EndProject
Global
	GlobalSection(SolutionConfigurationPlatforms) = preSolution
		Debug|Any CPU = Debug|Any CPU
		Release|Any CPU = Release|Any CPU
	EndGlobalSection
	GlobalSection(ProjectConfigurationPlatforms) = postSolution
		{BFE86275-149C-48BB-87EE-3A30ADEEB729}.Debug|Any CPU.ActiveCfg = Debug|Any CPU
		{BFE86275-149C-48BB-87EE-3A30ADEEB729}.Debug|Any CPU.Build.0 = Debug|Any CPU
		{BFE86275-149C-48BB-87EE-3A30ADEEB729}.Release|Any CPU.ActiveCfg = Release|Any CPU
		{BFE86275-149C-48BB-87EE-3A30ADEEB729}.Release|Any CPU.Build.0 = Release|Any CPU
	EndGlobalSection
	GlobalSection(SolutionProperties) = preSolution
		HideSolutionNode = FALSE
	EndGlobalSection
	GlobalSection(ExtensibilityGlobals) = postSolution
		SolutionGuid = {498B7E33-0CB3-4837-8D7C-2084536BBEDE}
	EndGlobalSection
EndGlobal
